{
  "nodes": {
    "crane": {
      "locked": {
        "lastModified": 1789760033,
        "narHash": "sha256-jtT4yxZpR8seYnlCMMWSSPlFN92zO6ICuZ8pJrmi86k=",
        "owner": "ipetkov",
        "repo": "crane",
        "rev": "73b980519cefc727a5f6cc8e5c0947a2f9be6edd",
        "type": "github"
      },
      "original": {
        "owner": "ipetkov",
        "repo": "crane",
        "type": "github"
      }
    },
    "firefox-addons": {
      "inputs": {
        "nixpkgs": [
          "nixpkgs"
        ]
      },
      "locked": {
        "dir": "pkgs/firefox-addons",
        "lastModified": 1790050043,
        "narHash": "sha256-9AON9yobX4u/kxuYsKQdIqkmtQOidUKYr9v3lkMWbdI=",
        "owner": "rycee",
        "repo": "nur-expressions",
        "rev": "cccbf65edf67b976a9cee39035bcebc89638420c",
        "type": "gitlab"
      },
      "original": {
        "dir": "pkgs/firefox-addons",
        "owner": "rycee",
        "repo": "nur-expressions",
        "type": "gitlab"
      }
    },
    "flake-compat": {
      "flake": false,
      "locked": {
        "lastModified": 1767039857,
        "narHash": "sha256-vNpUSpF5Nuw8xvDLj2KCwwksIbjua2LZCqhV1LNRDns=",
        "owner": "NixOS",
        "repo": "flake-compat",
        "rev": "5edf11c44bc78a0d334f6334cdaf7d60d732daab",
        "type": "github"
      },
      "original": {
        "owner": "NixOS",
        "repo": "flake-compat",
        "type": "github"
      }
    },
    "flake-parts": {
      "inputs": {
        "nixpkgs-lib": [
          "nixvim",
          "nixpkgs"
        ]
      },
      "locked": {
        "lastModified": 1788450739,
        "narHash": "sha256-glZLQlzIn1fXH6PazR2iUmTo7kzzyYSshrWhLS9TqCU=",
        "owner": "hercules-ci",
        "repo": "flake-parts",
        "rev": "31729ca8cbdb4fa927b34e5f4353e6a83f39e993",
        "type": "github"
      },
      "original": {
        "owner": "hercules-ci",
        "repo": "flake-parts",
        "type": "github"
      }
    },
    "flake-parts_2": {
      "inputs": {
        "nixpkgs-lib": [
          "vscode-server",
          "nixpkgs"
        ]
      },
      "locked": {
        "lastModified": 1772408722,
        "narHash": "sha256-rHuJtdcOjK7rAHpHphUb1iCvgkU3GpfvicLMwwnfMT0=",
        "owner": "hercules-ci",
        "repo": "flake-parts",
        "rev": "f20dc5d9b8027381c474144ecabc9034d6a839a3",
        "type": "github"
      },
      "original": {
        "owner": "hercules-ci",
        "repo": "flake-parts",
        "type": "github"
      }
    },
    "home-manager": {
      "inputs": {
        "nixpkgs": [
          "nixpkgs"
        ]
      },
      "locked": {
        "lastModified": 1787326613,
        "narHash": "sha256-d53em7G15cFILJT5dV4OzI5SYS2L+856f3y2+UniW3I=",
        "owner": "moeleak",
        "repo": "home-manager",
        "rev": "cf47ff3a8d98c2fc0d35468bd1c6971308986bbe",
        "type": "github"
      },
      "original": {
        "owner": "moeleak",
        "ref": "master",
        "repo": "home-manager",
        "type": "github"
      }
    },
    "home-manager_2": {
      "inputs": {
        "nixpkgs": [
          "zen-browser",
          "nixpkgs"
        ]
      },
      "locked": {
        "lastModified": 1789430117,
        "narHash": "sha256-t+U1mijItLJ64xZOifpfQ17kpAL73nU7pDI48ScacVc=",
        "owner": "nix-community",
        "repo": "home-manager",
        "rev": "cda90fd8838825c689fde9d3f3b4e937937790df",
        "type": "github"
      },
      "original": {
        "owner": "nix-community",
        "repo": "home-manager",
        "type": "github"
      }
    },
    "lanzaboote": {
      "inputs": {
        "crane": "crane",
        "nixpkgs": [
          "nixpkgs"
        ],
        "pre-commit": "pre-commit",
        "rust-overlay": "rust-overlay"
      },
      "locked": {
        "lastModified": 1789982869,
        "narHash": "sha256-o72O4Y6YZ2q6SkgqU8krWJomtVW7gsTAVt1eAv8bebU=",
        "owner": "nix-community",
        "repo": "lanzaboote",
        "rev": "074c4938b829e745c878872fc165eea3a6b27399",
        "type": "github"
      },
      "original": {
        "owner": "nix-community",
        "repo": "lanzaboote",
        "type": "github"
      }
    },
    "nix-darwin": {
      "inputs": {
        "nixpkgs": [
          "nixpkgs"
        ]
      },
      "locked": {
        "lastModified": 1786845137,
        "narHash": "sha256-oQFip+v0luP8NIxJzmiW4Wu8bILsbFWom5l0zonl8hQ=",
        "owner": "nix-darwin",
        "repo": "nix-darwin",
        "rev": "4cff07de74b50e64bdd68cd4e722ab5b6b35ee48",
        "type": "github"
      },
      "original": {
        "owner": "nix-darwin",
        "repo": "nix-darwin",
        "type": "github"
      }
    },
    "nixos-licheepi4a": {
      "inputs": {
        "nixpkgs": [
          "nixpkgs-licheepi4a"
        ]
      },
      "locked": {
        "lastModified": 1779571721,
        "narHash": "sha256-g0wpI6Mpa+PkWT/dIddV664SBNtTEdHaYutbmlFaszY=",
        "owner": "moeleak",
        "repo": "nixos-licheepi4a",
        "rev": "60908b533a82b632b244ef18d8a905e1f19059f2",
        "type": "github"
      },
      "original": {
        "owner": "moeleak",
        "ref": "unstable-revy-linux-2026-05-23",
        "repo": "nixos-licheepi4a",
        "type": "github"
      }
    },
    "nixpkgs": {
      "locked": {
        "lastModified": 1790370206,
        "narHash": "sha256-dDttIj+idRBngrWdH4R2vZJ1Gfu8TqXN2sbRXIdHgig=",
        "owner": "moeleak",
        "repo": "nixpkgs",
        "rev": "a72d54a939528a9ffd86d98858d8f798541b09a6",
        "type": "github"
      },
      "original": {
        "owner": "moeleak",
        "ref": "nixos-unstable",
        "repo": "nixpkgs",
        "type": "github"
      }
    },
    "nixpkgs-licheepi4a": {
      "locked": {
        "lastModified": 1779349820,
        "narHash": "sha256-cwGQgbMObY9VoWF2dC92rDxtdz46RbpvsjVl2hvuBvQ=",
        "owner": "moeleak",
        "repo": "nixpkgs",
        "rev": "2a440167e824f844946126de02b38725b78ae67d",
        "type": "github"
      },
      "original": {
        "owner": "moeleak",
        "ref": "nixos-licheepi4a-unstable",
        "repo": "nixpkgs",
        "type": "github"
      }
    },
    "nixpkgs_2": {
      "locked": {
        "lastModified": 1787900134,
        "narHash": "sha256-VYXO0XZlgj06dxJZRhrD3WoSsvq/c7+/Akyoa22pefw=",
        "owner": "NixOS",
        "repo": "nixpkgs",
        "rev": "83199d0d373dd3ac2b9a1996b1d0263f76ab7a4c",
        "type": "github"
      },
      "original": {
        "owner": "NixOS",
        "ref": "nixos-unstable",
        "repo": "nixpkgs",
        "type": "github"
      }
    },
    "nixpkgs_3": {
      "locked": {
        "lastModified": 1789286504,
        "narHash": "sha256-eiEK7cKZORNEvX0GeF3RtNEF/JXhgf2RqSp3230q13E=",
        "owner": "nixos",
        "repo": "nixpkgs",
        "rev": "ef34387ddd751e1ab8857adf4676492d32eb24ec",
        "type": "github"
      },
      "original": {
        "owner": "nixos",
        "ref": "nixos-unstable",
        "repo": "nixpkgs",
        "type": "github"
      }
    },
    "nixvim": {
      "inputs": {
        "flake-parts": "flake-parts",
        "nixpkgs": [
          "nixpkgs"
        ],
        "systems": "systems"
      },
      "locked": {
        "lastModified": 1789961561,
        "narHash": "sha256-2lRgE8XsmXIVmiujmHVaCy5TrBUSblILNT5vYOj/Ed0=",
        "owner": "nix-community",
        "repo": "nixvim",
        "rev": "bcb5f577a36565bda07d7b81346b73cad8618d16",
        "type": "github"
      },
      "original": {
        "owner": "nix-community",
        "repo": "nixvim",
        "type": "github"
      }
    },
    "plasma-manager": {
      "inputs": {
        "home-manager": [
          "home-manager"
        ],
        "nixpkgs": [
          "nixpkgs"
        ]
      },
      "locked": {
        "lastModified": 1785762349,
        "narHash": "sha256-jZhZkzAwc7f3exzcTDJWP2WCAchCv0iNC3UF/QsahdQ=",
        "owner": "nix-community",
        "repo": "plasma-manager",
        "rev": "a19a2a029fa180911bd89c554dca1616e10f4c1d",
        "type": "github"
      },
      "original": {
        "owner": "nix-community",
        "repo": "plasma-manager",
        "type": "github"
      }
    },
    "pre-commit": {
      "inputs": {
        "flake-compat": "flake-compat",
        "nixpkgs": [
          "lanzaboote",
          "nixpkgs"
        ]
      },
      "locked": {
        "lastModified": 1789514889,
        "narHash": "sha256-PFD1nxptCXJyJoiYO1gf/5Vv43yqGpHtMC6LUhl9/pQ=",
        "owner": "cachix",
        "repo": "git-hooks.nix",
        "rev": "59f4ca0d063a1a3ec722c88b51a33004862e5379",
        "type": "github"
      },
      "original": {
        "owner": "cachix",
        "repo": "git-hooks.nix",
        "type": "github"
      }
    },
    "root": {
      "inputs": {
        "firefox-addons": "firefox-addons",
        "home-manager": "home-manager",
        "lanzaboote": "lanzaboote",
        "nix-darwin": "nix-darwin",
        "nixos-licheepi4a": "nixos-licheepi4a",
        "nixpkgs": "nixpkgs",
        "nixpkgs-licheepi4a": "nixpkgs-licheepi4a",
        "nixvim": "nixvim",
        "plasma-manager": "plasma-manager",
        "sops-nix": "sops-nix",
        "vscode-server": "vscode-server",
        "workmux": "workmux",
        "zen-browser": "zen-browser"
      }
    },
    "rust-overlay": {
      "inputs": {
        "nixpkgs": [
          "lanzaboote",
          "nixpkgs"
        ]
      },
      "locked": {
        "lastModified": 1789889921,
        "narHash": "sha256-aL/ogiN7qZCGeNovS1f9hX73jwYIKb4Pcq6AZm57WtY=",
        "owner": "oxalica",
        "repo": "rust-overlay",
        "rev": "1fb104a12a8667045559b2575d6d448ae2fbd99b",
        "type": "github"
      },
      "original": {
        "owner": "oxalica",
        "repo": "rust-overlay",
        "type": "github"
      }
    },
    "sops-nix": {
      "inputs": {
        "nixpkgs": [
          "nixpkgs"
        ]
      },
      "locked": {
        "lastModified": 1789890976,
        "narHash": "sha256-GKwH3zpy7tartuJMG0Rv/xUsdetG1QLmTVv8UKgJLmA=",
        "owner": "Mic92",
        "repo": "sops-nix",
        "rev": "7214124c20c1542c90deb54af50e2f53ae02711f",
        "type": "github"
      },
      "original": {
        "owner": "Mic92",
        "repo": "sops-nix",
        "type": "github"
      }
    },
    "systems": {
      "flake": false,
      "locked": {
        "lastModified": 1774449309,
        "narHash": "sha256-brhZ8DmuGtzkCYHJg4HEd602amKm89Y9ytsFZ5uWD1w=",
        "owner": "nix-systems",
        "repo": "default",
        "rev": "c29398b59d2048c4ab79345812849c9bd15e9150",
        "type": "github"
      },
      "original": {
        "owner": "nix-systems",
        "ref": "future-26.11",
        "repo": "default",
        "type": "github"
      }
    },
    "vscode-server": {
      "inputs": {
        "flake-parts": "flake-parts_2",
        "nixpkgs": [
          "nixpkgs"
        ]
      },
      "locked": {
        "lastModified": 1781238323,
        "narHash": "sha256-gmps0GITfCvvhivymW4YsRvdULhgowMiix4utbRWtUw=",
        "owner": "moeleak",
        "repo": "nixos-vscode-server",
        "rev": "7cf67b8f3877a6f0585972be53647ec239072bb8",
        "type": "github"
      },
      "original": {
        "owner": "moeleak",
        "repo": "nixos-vscode-server",
        "type": "github"
      }
    },
    "workmux": {
      "inputs": {
        "nixpkgs": "nixpkgs_2"
      },
      "locked": {
        "lastModified": 1790103712,
        "narHash": "sha256-esfHnMipv0yJ0/5hH8855CaZj5L1qZ3i5bZHZQ7fMWg=",
        "owner": "raine",
        "repo": "workmux",
        "rev": "267bfc44ffc15e60acf1bd4c4b8cad5b56a7a2ad",
        "type": "github"
      },
      "original": {
        "owner": "raine",
        "repo": "workmux",
        "type": "github"
      }
    },
    "zen-browser": {
      "inputs": {
        "home-manager": "home-manager_2",
        "nixpkgs": "nixpkgs_3"
      },
      "locked": {
        "lastModified": 1790101991,
        "narHash": "sha256-bNnRLtCtn2kCMeoQ/F1SBW4ltv4moQOPZ8YT0BWsoT0=",
        "owner": "0xc000022070",
        "repo": "zen-browser-flake",
        "rev": "6be82ac04e6713849ae23ec45cd606d96f3174d7",
        "type": "github"
      },
      "original": {
        "owner": "0xc000022070",
        "repo": "zen-browser-flake",
        "type": "github"
      }
    }
  },
  "root": "root",
  "version": 7
}
